
Microsoft Visual Studio Solution File, Format Version 12.00
# Visual Studio Version 16
VisualStudioVersion = 16.0.32802.440
MinimumVisualStudioVersion = 10.0.40219.1
Project("{2150E333-8FDC-42A3-9474-1A3956D46DE8}") = "Data.Samples", "Data.Samples", "{FDAE69B1-C29F-424E-A723-851C39EF6111}"
EndProject
Project("{FAE04EC0-301F-11D3-BF4B-00C04F79EFBC}") = "SimpleInfra.SqlGui", "Data.Samples\SimpleInfra.SqlGui\SimpleInfra.SqlGui.csproj", "{84DD2B2E-CC7B-404F-A5D6-7DB2988F232F}"
EndProject
Project("{FAE04EC0-301F-11D3-BF4B-00C04F79EFBC}") = "KisayolYoneticisi", "Data.Samples\KisayolYoneticisi\KisayolYoneticisi.csproj", "{170A295E-E2A3-4FEE-8234-779A40925B7E}"
EndProject
Project("{FAE04EC0-301F-11D3-BF4B-00C04F79EFBC}") = "SimplyTest_Any_ConsoleApp", "Data.Samples\SimplyTestConsoleApp\SimplyTest_Any_ConsoleApp.csproj", "{9A8DA63E-267C-4790-BDCD-5D2237523B79}"
EndProject
Project("{FAE04EC0-301F-11D3-BF4B-00C04F79EFBC}") = "SimplyTest_Count_ConsoleApp", "Data.Samples\SimplyTest_Count_ConsoleApp\SimplyTest_Count_ConsoleApp.csproj", "{41EF08C0-0F20-4B3A-A5E0-EACCE4C8FA60}"
EndProject
Project("{FAE04EC0-301F-11D3-BF4B-00C04F79EFBC}") = "SimplyTest_DbRowList_ConsoleApp", "SimplyTest_DbRowList_ConsoleApp\SimplyTest_DbRowList_ConsoleApp.csproj", "{95055A08-42B6-42B8-9C2D-02BBA4198FE6}"
EndProject
Project("{FAE04EC0-301F-11D3-BF4B-00C04F79EFBC}") = "Simply.Data", "..\..\Simply\Simply.Soln\Simply\Simply.Data\Simply.Data.csproj", "{F374850B-07D2-4E3C-A3EC-BFF273DEE3C7}"
EndProject
Project("{FAE04EC0-301F-11D3-BF4B-00C04F79EFBC}") = "Simply.Common", "..\..\Simply\Simply.Soln\Simply\Simply.Common\Simply.Common.csproj", "{A81FF695-21AC-48C0-AA35-BA906168B95D}"
EndProject
Project("{FAE04EC0-301F-11D3-BF4B-00C04F79EFBC}") = "SimplyTest_List_ConsoleApp", "SimplyTest_List_ConsoleApp\SimplyTest_List_ConsoleApp.csproj", "{7B4715ED-9C12-4C74-AA01-95BE464BEB99}"
EndProject
Project("{FAE04EC0-301F-11D3-BF4B-00C04F79EFBC}") = "SimplyTest_Entities", "SimplyTest_Entities\SimplyTest_Entities.csproj", "{BF622389-5737-4F47-8BA3-AB4FBB2E1DD5}"
EndProject
Project("{FAE04EC0-301F-11D3-BF4B-00C04F79EFBC}") = "SimplyTest_First_ConsoleApp", "SimplyTest_First_ConsoleApp\SimplyTest_First_ConsoleApp.csproj", "{CE659BEA-7817-4FD6-88ED-BD1FB849B0AE}"
EndProject
Project("{FAE04EC0-301F-11D3-BF4B-00C04F79EFBC}") = "SimplyTest_Last_ConsoleApp", "SimplyTest_Last_ConsoleApp\SimplyTest_Last_ConsoleApp.csproj", "{D7B09B9A-098E-42A7-8F79-3E5B6300CAC0}"
EndProject
Project("{2150E333-8FDC-42A3-9474-1A3956D46DE8}") = "Solution Items", "Solution Items", "{2DCD18BC-EC2D-4D90-BBAF-5B79F6C52AE8}"
	ProjectSection(SolutionItems) = preProject
		querysettings.xml = querysettings.xml
	EndProjectSection
EndProject
Project("{FAE04EC0-301F-11D3-BF4B-00C04F79EFBC}") = "SimplyTest_Single_ConsoleApp", "SimplyTest_Single_ConsoleApp\SimplyTest_Single_ConsoleApp.csproj", "{BA7D5388-18FD-4DAA-A360-CD1C52F4CE87}"
EndProject
Project("{FAE04EC0-301F-11D3-BF4B-00C04F79EFBC}") = "SimplyTest_Execute_ConsoleApp", "Data.Samples\SimplyTest_Execute_ConsoleApp\SimplyTest_Execute_ConsoleApp.csproj", "{98A86B66-710B-475D-81EA-99BFEC8CB211}"
EndProject
Project("{FAE04EC0-301F-11D3-BF4B-00C04F79EFBC}") = "SimplyTest_ExecuteAsOdbc_ConsoleApp", "Data.Samples\SimplyTest_ExecuteAsOdbc_ConsoleApp\SimplyTest_ExecuteAsOdbc_ConsoleApp.csproj", "{16CB2F55-6452-4202-BC6D-3D62C0591776}"
EndProject
Project("{FAE04EC0-301F-11D3-BF4B-00C04F79EFBC}") = "Simply.Data.Core.WebApi", "Data.Samples\Simply.Data.Core.WebApi\Simply.Data.Core.WebApi.csproj", "{79ED98A6-03B7-4BA4-9790-DB8FB361767E}"
EndProject
Global
	GlobalSection(SolutionConfigurationPlatforms) = preSolution
		Debug|Any CPU = Debug|Any CPU
		Debug|x86 = Debug|x86
		Release|Any CPU = Release|Any CPU
		Release|x86 = Release|x86
	EndGlobalSection
	GlobalSection(ProjectConfigurationPlatforms) = postSolution
		{84DD2B2E-CC7B-404F-A5D6-7DB2988F232F}.Debug|Any CPU.ActiveCfg = Debug|Any CPU
		{84DD2B2E-CC7B-404F-A5D6-7DB2988F232F}.Debug|Any CPU.Build.0 = Debug|Any CPU
		{84DD2B2E-CC7B-404F-A5D6-7DB2988F232F}.Debug|x86.ActiveCfg = Debug|Any CPU
		{84DD2B2E-CC7B-404F-A5D6-7DB2988F232F}.Debug|x86.Build.0 = Debug|Any CPU
		{84DD2B2E-CC7B-404F-A5D6-7DB2988F232F}.Release|Any CPU.ActiveCfg = Release|Any CPU
		{84DD2B2E-CC7B-404F-A5D6-7DB2988F232F}.Release|Any CPU.Build.0 = Release|Any CPU
		{84DD2B2E-CC7B-404F-A5D6-7DB2988F232F}.Release|x86.ActiveCfg = Release|Any CPU
		{84DD2B2E-CC7B-404F-A5D6-7DB2988F232F}.Release|x86.Build.0 = Release|Any CPU
		{170A295E-E2A3-4FEE-8234-779A40925B7E}.Debug|Any CPU.ActiveCfg = Debug|x86
		{170A295E-E2A3-4FEE-8234-779A40925B7E}.Debug|Any CPU.Build.0 = Debug|x86
		{170A295E-E2A3-4FEE-8234-779A40925B7E}.Debug|x86.ActiveCfg = Debug|x86
		{170A295E-E2A3-4FEE-8234-779A40925B7E}.Debug|x86.Build.0 = Debug|x86
		{170A295E-E2A3-4FEE-8234-779A40925B7E}.Release|Any CPU.ActiveCfg = Release|x86
		{170A295E-E2A3-4FEE-8234-779A40925B7E}.Release|Any CPU.Build.0 = Release|x86
		{170A295E-E2A3-4FEE-8234-779A40925B7E}.Release|x86.ActiveCfg = Release|x86
		{170A295E-E2A3-4FEE-8234-779A40925B7E}.Release|x86.Build.0 = Release|x86
		{9A8DA63E-267C-4790-BDCD-5D2237523B79}.Debug|Any CPU.ActiveCfg = Debug|Any CPU
		{9A8DA63E-267C-4790-BDCD-5D2237523B79}.Debug|Any CPU.Build.0 = Debug|Any CPU
		{9A8DA63E-267C-4790-BDCD-5D2237523B79}.Debug|x86.ActiveCfg = Debug|Any CPU
		{9A8DA63E-267C-4790-BDCD-5D2237523B79}.Debug|x86.Build.0 = Debug|Any CPU
		{9A8DA63E-267C-4790-BDCD-5D2237523B79}.Release|Any CPU.ActiveCfg = Release|Any CPU
		{9A8DA63E-267C-4790-BDCD-5D2237523B79}.Release|Any CPU.Build.0 = Release|Any CPU
		{9A8DA63E-267C-4790-BDCD-5D2237523B79}.Release|x86.ActiveCfg = Release|Any CPU
		{9A8DA63E-267C-4790-BDCD-5D2237523B79}.Release|x86.Build.0 = Release|Any CPU
		{41EF08C0-0F20-4B3A-A5E0-EACCE4C8FA60}.Debug|Any CPU.ActiveCfg = Debug|Any CPU
		{41EF08C0-0F20-4B3A-A5E0-EACCE4C8FA60}.Debug|Any CPU.Build.0 = Debug|Any CPU
		{41EF08C0-0F20-4B3A-A5E0-EACCE4C8FA60}.Debug|x86.ActiveCfg = Debug|Any CPU
		{41EF08C0-0F20-4B3A-A5E0-EACCE4C8FA60}.Debug|x86.Build.0 = Debug|Any CPU
		{41EF08C0-0F20-4B3A-A5E0-EACCE4C8FA60}.Release|Any CPU.ActiveCfg = Release|Any CPU
		{41EF08C0-0F20-4B3A-A5E0-EACCE4C8FA60}.Release|Any CPU.Build.0 = Release|Any CPU
		{41EF08C0-0F20-4B3A-A5E0-EACCE4C8FA60}.Release|x86.ActiveCfg = Release|Any CPU
		{41EF08C0-0F20-4B3A-A5E0-EACCE4C8FA60}.Release|x86.Build.0 = Release|Any CPU
		{95055A08-42B6-42B8-9C2D-02BBA4198FE6}.Debug|Any CPU.ActiveCfg = Debug|Any CPU
		{95055A08-42B6-42B8-9C2D-02BBA4198FE6}.Debug|Any CPU.Build.0 = Debug|Any CPU
		{95055A08-42B6-42B8-9C2D-02BBA4198FE6}.Debug|x86.ActiveCfg = Debug|Any CPU
		{95055A08-42B6-42B8-9C2D-02BBA4198FE6}.Debug|x86.Build.0 = Debug|Any CPU
		{95055A08-42B6-42B8-9C2D-02BBA4198FE6}.Release|Any CPU.ActiveCfg = Release|Any CPU
		{95055A08-42B6-42B8-9C2D-02BBA4198FE6}.Release|Any CPU.Build.0 = Release|Any CPU
		{95055A08-42B6-42B8-9C2D-02BBA4198FE6}.Release|x86.ActiveCfg = Release|Any CPU
		{95055A08-42B6-42B8-9C2D-02BBA4198FE6}.Release|x86.Build.0 = Release|Any CPU
		{F374850B-07D2-4E3C-A3EC-BFF273DEE3C7}.Debug|Any CPU.ActiveCfg = Debug|Any CPU
		{F374850B-07D2-4E3C-A3EC-BFF273DEE3C7}.Debug|Any CPU.Build.0 = Debug|Any CPU
		{F374850B-07D2-4E3C-A3EC-BFF273DEE3C7}.Debug|x86.ActiveCfg = Debug|Any CPU
		{F374850B-07D2-4E3C-A3EC-BFF273DEE3C7}.Debug|x86.Build.0 = Debug|Any CPU
		{F374850B-07D2-4E3C-A3EC-BFF273DEE3C7}.Release|Any CPU.ActiveCfg = Release|Any CPU
		{F374850B-07D2-4E3C-A3EC-BFF273DEE3C7}.Release|Any CPU.Build.0 = Release|Any CPU
		{F374850B-07D2-4E3C-A3EC-BFF273DEE3C7}.Release|x86.ActiveCfg = Release|Any CPU
		{F374850B-07D2-4E3C-A3EC-BFF273DEE3C7}.Release|x86.Build.0 = Release|Any CPU
		{A81FF695-21AC-48C0-AA35-BA906168B95D}.Debug|Any CPU.ActiveCfg = Debug|Any CPU
		{A81FF695-21AC-48C0-AA35-BA906168B95D}.Debug|Any CPU.Build.0 = Debug|Any CPU
		{A81FF695-21AC-48C0-AA35-BA906168B95D}.Debug|x86.ActiveCfg = Debug|Any CPU
		{A81FF695-21AC-48C0-AA35-BA906168B95D}.Debug|x86.Build.0 = Debug|Any CPU
		{A81FF695-21AC-48C0-AA35-BA906168B95D}.Release|Any CPU.ActiveCfg = Release|Any CPU
		{A81FF695-21AC-48C0-AA35-BA906168B95D}.Release|Any CPU.Build.0 = Release|Any CPU
		{A81FF695-21AC-48C0-AA35-BA906168B95D}.Release|x86.ActiveCfg = Release|Any CPU
		{A81FF695-21AC-48C0-AA35-BA906168B95D}.Release|x86.Build.0 = Release|Any CPU
		{7B4715ED-9C12-4C74-AA01-95BE464BEB99}.Debug|Any CPU.ActiveCfg = Debug|Any CPU
		{7B4715ED-9C12-4C74-AA01-95BE464BEB99}.Debug|Any CPU.Build.0 = Debug|Any CPU
		{7B4715ED-9C12-4C74-AA01-95BE464BEB99}.Debug|x86.ActiveCfg = Debug|Any CPU
		{7B4715ED-9C12-4C74-AA01-95BE464BEB99}.Debug|x86.Build.0 = Debug|Any CPU
		{7B4715ED-9C12-4C74-AA01-95BE464BEB99}.Release|Any CPU.ActiveCfg = Release|Any CPU
		{7B4715ED-9C12-4C74-AA01-95BE464BEB99}.Release|Any CPU.Build.0 = Release|Any CPU
		{7B4715ED-9C12-4C74-AA01-95BE464BEB99}.Release|x86.ActiveCfg = Release|Any CPU
		{7B4715ED-9C12-4C74-AA01-95BE464BEB99}.Release|x86.Build.0 = Release|Any CPU
		{BF622389-5737-4F47-8BA3-AB4FBB2E1DD5}.Debug|Any CPU.ActiveCfg = Debug|Any CPU
		{BF622389-5737-4F47-8BA3-AB4FBB2E1DD5}.Debug|Any CPU.Build.0 = Debug|Any CPU
		{BF622389-5737-4F47-8BA3-AB4FBB2E1DD5}.Debug|x86.ActiveCfg = Debug|Any CPU
		{BF622389-5737-4F47-8BA3-AB4FBB2E1DD5}.Debug|x86.Build.0 = Debug|Any CPU
		{BF622389-5737-4F47-8BA3-AB4FBB2E1DD5}.Release|Any CPU.ActiveCfg = Release|Any CPU
		{BF622389-5737-4F47-8BA3-AB4FBB2E1DD5}.Release|Any CPU.Build.0 = Release|Any CPU
		{BF622389-5737-4F47-8BA3-AB4FBB2E1DD5}.Release|x86.ActiveCfg = Release|Any CPU
		{BF622389-5737-4F47-8BA3-AB4FBB2E1DD5}.Release|x86.Build.0 = Release|Any CPU
		{CE659BEA-7817-4FD6-88ED-BD1FB849B0AE}.Debug|Any CPU.ActiveCfg = Debug|Any CPU
		{CE659BEA-7817-4FD6-88ED-BD1FB849B0AE}.Debug|Any CPU.Build.0 = Debug|Any CPU
		{CE659BEA-7817-4FD6-88ED-BD1FB849B0AE}.Debug|x86.ActiveCfg = Debug|Any CPU
		{CE659BEA-7817-4FD6-88ED-BD1FB849B0AE}.Debug|x86.Build.0 = Debug|Any CPU
		{CE659BEA-7817-4FD6-88ED-BD1FB849B0AE}.Release|Any CPU.ActiveCfg = Release|Any CPU
		{CE659BEA-7817-4FD6-88ED-BD1FB849B0AE}.Release|Any CPU.Build.0 = Release|Any CPU
		{CE659BEA-7817-4FD6-88ED-BD1FB849B0AE}.Release|x86.ActiveCfg = Release|Any CPU
		{CE659BEA-7817-4FD6-88ED-BD1FB849B0AE}.Release|x86.Build.0 = Release|Any CPU
		{D7B09B9A-098E-42A7-8F79-3E5B6300CAC0}.Debug|Any CPU.ActiveCfg = Debug|Any CPU
		{D7B09B9A-098E-42A7-8F79-3E5B6300CAC0}.Debug|Any CPU.Build.0 = Debug|Any CPU
		{D7B09B9A-098E-42A7-8F79-3E5B6300CAC0}.Debug|x86.ActiveCfg = Debug|Any CPU
		{D7B09B9A-098E-42A7-8F79-3E5B6300CAC0}.Debug|x86.Build.0 = Debug|Any CPU
		{D7B09B9A-098E-42A7-8F79-3E5B6300CAC0}.Release|Any CPU.ActiveCfg = Release|Any CPU
		{D7B09B9A-098E-42A7-8F79-3E5B6300CAC0}.Release|Any CPU.Build.0 = Release|Any CPU
		{D7B09B9A-098E-42A7-8F79-3E5B6300CAC0}.Release|x86.ActiveCfg = Release|Any CPU
		{D7B09B9A-098E-42A7-8F79-3E5B6300CAC0}.Release|x86.Build.0 = Release|Any CPU
		{BA7D5388-18FD-4DAA-A360-CD1C52F4CE87}.Debug|Any CPU.ActiveCfg = Debug|Any CPU
		{BA7D5388-18FD-4DAA-A360-CD1C52F4CE87}.Debug|Any CPU.Build.0 = Debug|Any CPU
		{BA7D5388-18FD-4DAA-A360-CD1C52F4CE87}.Debug|x86.ActiveCfg = Debug|Any CPU
		{BA7D5388-18FD-4DAA-A360-CD1C52F4CE87}.Debug|x86.Build.0 = Debug|Any CPU
		{BA7D5388-18FD-4DAA-A360-CD1C52F4CE87}.Release|Any CPU.ActiveCfg = Release|Any CPU
		{BA7D5388-18FD-4DAA-A360-CD1C52F4CE87}.Release|Any CPU.Build.0 = Release|Any CPU
		{BA7D5388-18FD-4DAA-A360-CD1C52F4CE87}.Release|x86.ActiveCfg = Release|Any CPU
		{BA7D5388-18FD-4DAA-A360-CD1C52F4CE87}.Release|x86.Build.0 = Release|Any CPU
		{98A86B66-710B-475D-81EA-99BFEC8CB211}.Debug|Any CPU.ActiveCfg = Debug|Any CPU
		{98A86B66-710B-475D-81EA-99BFEC8CB211}.Debug|Any CPU.Build.0 = Debug|Any CPU
		{98A86B66-710B-475D-81EA-99BFEC8CB211}.Debug|x86.ActiveCfg = Debug|Any CPU
		{98A86B66-710B-475D-81EA-99BFEC8CB211}.Debug|x86.Build.0 = Debug|Any CPU
		{98A86B66-710B-475D-81EA-99BFEC8CB211}.Release|Any CPU.ActiveCfg = Release|Any CPU
		{98A86B66-710B-475D-81EA-99BFEC8CB211}.Release|Any CPU.Build.0 = Release|Any CPU
		{98A86B66-710B-475D-81EA-99BFEC8CB211}.Release|x86.ActiveCfg = Release|Any CPU
		{98A86B66-710B-475D-81EA-99BFEC8CB211}.Release|x86.Build.0 = Release|Any CPU
		{16CB2F55-6452-4202-BC6D-3D62C0591776}.Debug|Any CPU.ActiveCfg = Debug|Any CPU
		{16CB2F55-6452-4202-BC6D-3D62C0591776}.Debug|Any CPU.Build.0 = Debug|Any CPU
		{16CB2F55-6452-4202-BC6D-3D62C0591776}.Debug|x86.ActiveCfg = Debug|Any CPU
		{16CB2F55-6452-4202-BC6D-3D62C0591776}.Debug|x86.Build.0 = Debug|Any CPU
		{16CB2F55-6452-4202-BC6D-3D62C0591776}.Release|Any CPU.ActiveCfg = Release|Any CPU
		{16CB2F55-6452-4202-BC6D-3D62C0591776}.Release|Any CPU.Build.0 = Release|Any CPU
		{16CB2F55-6452-4202-BC6D-3D62C0591776}.Release|x86.ActiveCfg = Release|Any CPU
		{16CB2F55-6452-4202-BC6D-3D62C0591776}.Release|x86.Build.0 = Release|Any CPU
		{79ED98A6-03B7-4BA4-9790-DB8FB361767E}.Debug|Any CPU.ActiveCfg = Debug|Any CPU
		{79ED98A6-03B7-4BA4-9790-DB8FB361767E}.Debug|Any CPU.Build.0 = Debug|Any CPU
		{79ED98A6-03B7-4BA4-9790-DB8FB361767E}.Debug|x86.ActiveCfg = Debug|Any CPU
		{79ED98A6-03B7-4BA4-9790-DB8FB361767E}.Debug|x86.Build.0 = Debug|Any CPU
		{79ED98A6-03B7-4BA4-9790-DB8FB361767E}.Release|Any CPU.ActiveCfg = Release|Any CPU
		{79ED98A6-03B7-4BA4-9790-DB8FB361767E}.Release|Any CPU.Build.0 = Release|Any CPU
		{79ED98A6-03B7-4BA4-9790-DB8FB361767E}.Release|x86.ActiveCfg = Release|Any CPU
		{79ED98A6-03B7-4BA4-9790-DB8FB361767E}.Release|x86.Build.0 = Release|Any CPU
	EndGlobalSection
	GlobalSection(SolutionProperties) = preSolution
		HideSolutionNode = FALSE
	EndGlobalSection
	GlobalSection(NestedProjects) = preSolution
		{84DD2B2E-CC7B-404F-A5D6-7DB2988F232F} = {FDAE69B1-C29F-424E-A723-851C39EF6111}
		{170A295E-E2A3-4FEE-8234-779A40925B7E} = {FDAE69B1-C29F-424E-A723-851C39EF6111}
		{9A8DA63E-267C-4790-BDCD-5D2237523B79} = {FDAE69B1-C29F-424E-A723-851C39EF6111}
		{41EF08C0-0F20-4B3A-A5E0-EACCE4C8FA60} = {FDAE69B1-C29F-424E-A723-851C39EF6111}
		{95055A08-42B6-42B8-9C2D-02BBA4198FE6} = {FDAE69B1-C29F-424E-A723-851C39EF6111}
		{7B4715ED-9C12-4C74-AA01-95BE464BEB99} = {FDAE69B1-C29F-424E-A723-851C39EF6111}
		{BF622389-5737-4F47-8BA3-AB4FBB2E1DD5} = {FDAE69B1-C29F-424E-A723-851C39EF6111}
		{CE659BEA-7817-4FD6-88ED-BD1FB849B0AE} = {FDAE69B1-C29F-424E-A723-851C39EF6111}
		{D7B09B9A-098E-42A7-8F79-3E5B6300CAC0} = {FDAE69B1-C29F-424E-A723-851C39EF6111}
		{BA7D5388-18FD-4DAA-A360-CD1C52F4CE87} = {FDAE69B1-C29F-424E-A723-851C39EF6111}
		{98A86B66-710B-475D-81EA-99BFEC8CB211} = {FDAE69B1-C29F-424E-A723-851C39EF6111}
		{16CB2F55-6452-4202-BC6D-3D62C0591776} = {FDAE69B1-C29F-424E-A723-851C39EF6111}
		{79ED98A6-03B7-4BA4-9790-DB8FB361767E} = {FDAE69B1-C29F-424E-A723-851C39EF6111}
	EndGlobalSection
	GlobalSection(ExtensibilityGlobals) = postSolution
		SolutionGuid = {A1EB7A9C-6D63-45A5-A1B9-38C64C6CC2F3}
	EndGlobalSection
EndGlobal
